
Microsoft Visual Studio Solution File, Format Version 12.00
# Visual Studio 15
VisualStudioVersion = 15.0.27705.2000
MinimumVisualStudioVersion = 10.0.40219.1
Project("{2150E333-8FDC-42A3-9474-1A3956D46DE8}") = "src", "src", "{713D534D-7CD3-401F-AB3E-770118A67FF2}"
EndProject
Project("{9A19103F-16F7-4668-BE54-9A1E7A4F7556}") = "Vanguard.Daemon.Abstractions", "src\Vanguard.Daemon.Abstractions\Vanguard.Daemon.Abstractions.csproj", "{EEFE6634-4314-4588-9039-9AF87A9E7FD3}"
EndProject
Project("{9A19103F-16F7-4668-BE54-9A1E7A4F7556}") = "Vanguard.Bot.WindowsService", "src\Vanguard.Bot.WindowsService\Vanguard.Bot.WindowsService.csproj", "{11813BAB-CDB8-405C-82D6-342471425F9B}"
EndProject
Project("{9A19103F-16F7-4668-BE54-9A1E7A4F7556}") = "Vanguard.Bot.Discord", "src\Vanguard.Bot.Discord\Vanguard.Bot.Discord.csproj", "{C22A431E-1BC8-4E5B-A0F0-C7D5272B44AD}"
EndProject
Project("{9A19103F-16F7-4668-BE54-9A1E7A4F7556}") = "Vanguard.Windows.ServiceWrapper", "src\Vanguard.Windows.ServiceWrapper\Vanguard.Windows.ServiceWrapper.csproj", "{3A3903DE-CC08-413B-804F-33083C32C918}"
EndProject
Project("{9A19103F-16F7-4668-BE54-9A1E7A4F7556}") = "Vanguard.Bot.Abstractions", "src\Vanguard.Bot.Abstractions\Vanguard.Bot.Abstractions.csproj", "{876E18CF-FB10-49CE-B412-02A00FE40B7F}"
EndProject
Project("{9A19103F-16F7-4668-BE54-9A1E7A4F7556}") = "Vanguard.Web", "src\Vanguard.Web\Vanguard.Web.csproj", "{CFD56927-D512-46EB-93BE-1F3DB2951025}"
EndProject
Project("{9A19103F-16F7-4668-BE54-9A1E7A4F7556}") = "Vanguard.ServerManager.Web", "src\Vanguard.ServerManager.Web\Vanguard.ServerManager.Web.csproj", "{5A93E870-C442-42E1-83E3-F1E0A4F1945C}"
EndProject
Project("{9A19103F-16F7-4668-BE54-9A1E7A4F7556}") = "Vanguard.ServerManager.Host", "src\Vanguard.ServerManager.Host\Vanguard.ServerManager.Host.csproj", "{DA29AED5-94D8-4BCB-A118-1B7BCBB69DE2}"
EndProject
Project("{9A19103F-16F7-4668-BE54-9A1E7A4F7556}") = "Vanguard.Daemon.Windows", "src\Vanguard.Daemon.Windows\Vanguard.Daemon.Windows.csproj", "{1AB37810-0305-4CAD-A87E-A59D79404ED5}"
EndProject
Project("{FAE04EC0-301F-11D3-BF4B-00C04F79EFBC}") = "Vanguard.IdentityServer", "src\Vanguard.IdentityServer\Vanguard.IdentityServer.csproj", "{635B491F-BE40-48B7-8CB2-0D2F77570B2A}"
EndProject
Project("{9A19103F-16F7-4668-BE54-9A1E7A4F7556}") = "Vanguard.IdentityServer.Api", "src\Vanguard.IdentityServer.Api\Vanguard.IdentityServer.Api.csproj", "{A3256D1C-ED8E-4D45-9F5B-6FC9AB5063B5}"
EndProject
Global
	GlobalSection(SolutionConfigurationPlatforms) = preSolution
		Debug|Any CPU = Debug|Any CPU
		Release|Any CPU = Release|Any CPU
	EndGlobalSection
	GlobalSection(ProjectConfigurationPlatforms) = postSolution
		{EEFE6634-4314-4588-9039-9AF87A9E7FD3}.Debug|Any CPU.ActiveCfg = Debug|Any CPU
		{EEFE6634-4314-4588-9039-9AF87A9E7FD3}.Debug|Any CPU.Build.0 = Debug|Any CPU
		{EEFE6634-4314-4588-9039-9AF87A9E7FD3}.Release|Any CPU.ActiveCfg = Release|Any CPU
		{EEFE6634-4314-4588-9039-9AF87A9E7FD3}.Release|Any CPU.Build.0 = Release|Any CPU
		{11813BAB-CDB8-405C-82D6-342471425F9B}.Debug|Any CPU.ActiveCfg = Debug|Any CPU
		{11813BAB-CDB8-405C-82D6-342471425F9B}.Debug|Any CPU.Build.0 = Debug|Any CPU
		{11813BAB-CDB8-405C-82D6-342471425F9B}.Release|Any CPU.ActiveCfg = Release|Any CPU
		{11813BAB-CDB8-405C-82D6-342471425F9B}.Release|Any CPU.Build.0 = Release|Any CPU
		{C22A431E-1BC8-4E5B-A0F0-C7D5272B44AD}.Debug|Any CPU.ActiveCfg = Debug|Any CPU
		{C22A431E-1BC8-4E5B-A0F0-C7D5272B44AD}.Debug|Any CPU.Build.0 = Debug|Any CPU
		{C22A431E-1BC8-4E5B-A0F0-C7D5272B44AD}.Release|Any CPU.ActiveCfg = Release|Any CPU
		{C22A431E-1BC8-4E5B-A0F0-C7D5272B44AD}.Release|Any CPU.Build.0 = Release|Any CPU
		{3A3903DE-CC08-413B-804F-33083C32C918}.Debug|Any CPU.ActiveCfg = Debug|Any CPU
		{3A3903DE-CC08-413B-804F-33083C32C918}.Debug|Any CPU.Build.0 = Debug|Any CPU
		{3A3903DE-CC08-413B-804F-33083C32C918}.Release|Any CPU.ActiveCfg = Release|Any CPU
		{3A3903DE-CC08-413B-804F-33083C32C918}.Release|Any CPU.Build.0 = Release|Any CPU
		{876E18CF-FB10-49CE-B412-02A00FE40B7F}.Debug|Any CPU.ActiveCfg = Debug|Any CPU
		{876E18CF-FB10-49CE-B412-02A00FE40B7F}.Debug|Any CPU.Build.0 = Debug|Any CPU
		{876E18CF-FB10-49CE-B412-02A00FE40B7F}.Release|Any CPU.ActiveCfg = Release|Any CPU
		{876E18CF-FB10-49CE-B412-02A00FE40B7F}.Release|Any CPU.Build.0 = Release|Any CPU
		{CFD56927-D512-46EB-93BE-1F3DB2951025}.Debug|Any CPU.ActiveCfg = Debug|Any CPU
		{CFD56927-D512-46EB-93BE-1F3DB2951025}.Debug|Any CPU.Build.0 = Debug|Any CPU
		{CFD56927-D512-46EB-93BE-1F3DB2951025}.Release|Any CPU.ActiveCfg = Release|Any CPU
		{CFD56927-D512-46EB-93BE-1F3DB2951025}.Release|Any CPU.Build.0 = Release|Any CPU
		{5A93E870-C442-42E1-83E3-F1E0A4F1945C}.Debug|Any CPU.ActiveCfg = Debug|Any CPU
		{5A93E870-C442-42E1-83E3-F1E0A4F1945C}.Debug|Any CPU.Build.0 = Debug|Any CPU
		{5A93E870-C442-42E1-83E3-F1E0A4F1945C}.Release|Any CPU.ActiveCfg = Release|Any CPU
		{5A93E870-C442-42E1-83E3-F1E0A4F1945C}.Release|Any CPU.Build.0 = Release|Any CPU
		{DA29AED5-94D8-4BCB-A118-1B7BCBB69DE2}.Debug|Any CPU.ActiveCfg = Debug|Any CPU
		{DA29AED5-94D8-4BCB-A118-1B7BCBB69DE2}.Debug|Any CPU.Build.0 = Debug|Any CPU
		{DA29AED5-94D8-4BCB-A118-1B7BCBB69DE2}.Release|Any CPU.ActiveCfg = Release|Any CPU
		{DA29AED5-94D8-4BCB-A118-1B7BCBB69DE2}.Release|Any CPU.Build.0 = Release|Any CPU
		{1AB37810-0305-4CAD-A87E-A59D79404ED5}.Debug|Any CPU.ActiveCfg = Debug|Any CPU
		{1AB37810-0305-4CAD-A87E-A59D79404ED5}.Debug|Any CPU.Build.0 = Debug|Any CPU
		{1AB37810-0305-4CAD-A87E-A59D79404ED5}.Release|Any CPU.ActiveCfg = Release|Any CPU
		{1AB37810-0305-4CAD-A87E-A59D79404ED5}.Release|Any CPU.Build.0 = Release|Any CPU
		{635B491F-BE40-48B7-8CB2-0D2F77570B2A}.Debug|Any CPU.ActiveCfg = Debug|Any CPU
		{635B491F-BE40-48B7-8CB2-0D2F77570B2A}.Debug|Any CPU.Build.0 = Debug|Any CPU
		{635B491F-BE40-48B7-8CB2-0D2F77570B2A}.Release|Any CPU.ActiveCfg = Release|Any CPU
		{635B491F-BE40-48B7-8CB2-0D2F77570B2A}.Release|Any CPU.Build.0 = Release|Any CPU
		{A3256D1C-ED8E-4D45-9F5B-6FC9AB5063B5}.Debug|Any CPU.ActiveCfg = Debug|Any CPU
		{A3256D1C-ED8E-4D45-9F5B-6FC9AB5063B5}.Debug|Any CPU.Build.0 = Debug|Any CPU
		{A3256D1C-ED8E-4D45-9F5B-6FC9AB5063B5}.Release|Any CPU.ActiveCfg = Release|Any CPU
		{A3256D1C-ED8E-4D45-9F5B-6FC9AB5063B5}.Release|Any CPU.Build.0 = Release|Any CPU
	EndGlobalSection
	GlobalSection(SolutionProperties) = preSolution
		HideSolutionNode = FALSE
	EndGlobalSection
	GlobalSection(NestedProjects) = preSolution
		{EEFE6634-4314-4588-9039-9AF87A9E7FD3} = {713D534D-7CD3-401F-AB3E-770118A67FF2}
		{11813BAB-CDB8-405C-82D6-342471425F9B} = {713D534D-7CD3-401F-AB3E-770118A67FF2}
		{C22A431E-1BC8-4E5B-A0F0-C7D5272B44AD} = {713D534D-7CD3-401F-AB3E-770118A67FF2}
		{3A3903DE-CC08-413B-804F-33083C32C918} = {713D534D-7CD3-401F-AB3E-770118A67FF2}
		{876E18CF-FB10-49CE-B412-02A00FE40B7F} = {713D534D-7CD3-401F-AB3E-770118A67FF2}
		{CFD56927-D512-46EB-93BE-1F3DB2951025} = {713D534D-7CD3-401F-AB3E-770118A67FF2}
		{5A93E870-C442-42E1-83E3-F1E0A4F1945C} = {713D534D-7CD3-401F-AB3E-770118A67FF2}
		{DA29AED5-94D8-4BCB-A118-1B7BCBB69DE2} = {713D534D-7CD3-401F-AB3E-770118A67FF2}
		{1AB37810-0305-4CAD-A87E-A59D79404ED5} = {713D534D-7CD3-401F-AB3E-770118A67FF2}
		{635B491F-BE40-48B7-8CB2-0D2F77570B2A} = {713D534D-7CD3-401F-AB3E-770118A67FF2}
		{A3256D1C-ED8E-4D45-9F5B-6FC9AB5063B5} = {713D534D-7CD3-401F-AB3E-770118A67FF2}
	EndGlobalSection
	GlobalSection(ExtensibilityGlobals) = postSolution
		SolutionGuid = {15CBC869-B055-4E6B-A5DC-5291CE178490}
	EndGlobalSection
EndGlobal
